
Microsoft Visual Studio Solution File, Format Version 12.00
# Visual Studio Version 17
VisualStudioVersion = 17.4.33205.214
MinimumVisualStudioVersion = 10.0.40219.1
Project("{8BC9CEB8-8B4A-11D0-8D11-00A0C91BC942}") = "GkTypesLib", "GkTypesLib\GkTypesLib.vcxproj", "{E4F7D7C2-9E75-42E0-BF05-2C70D43E1E05}"
EndProject
Project("{8BC9CEB8-8B4A-11D0-8D11-00A0C91BC942}") = "GkTypesLibTests", "GkTypesLibTests\GkTypesLibTests.vcxproj", "{A075A19F-F774-4AD1-A7AA-A19A2988E040}"
	ProjectSection(ProjectDependencies) = postProject
		{E4F7D7C2-9E75-42E0-BF05-2C70D43E1E05} = {E4F7D7C2-9E75-42E0-BF05-2C70D43E1E05}
	EndProjectSection
EndProject
Global
	GlobalSection(SolutionConfigurationPlatforms) = preSolution
		Debug|x64 = Debug|x64
		Debug|x86 = Debug|x86
		Release|x64 = Release|x64
		Release|x86 = Release|x86
	EndGlobalSection
	GlobalSection(ProjectConfigurationPlatforms) = postSolution
		{E4F7D7C2-9E75-42E0-BF05-2C70D43E1E05}.Debug|x64.ActiveCfg = Debug|x64
		{E4F7D7C2-9E75-42E0-BF05-2C70D43E1E05}.Debug|x64.Build.0 = Debug|x64
		{E4F7D7C2-9E75-42E0-BF05-2C70D43E1E05}.Debug|x86.ActiveCfg = Debug|Win32
		{E4F7D7C2-9E75-42E0-BF05-2C70D43E1E05}.Debug|x86.Build.0 = Debug|Win32
		{E4F7D7C2-9E75-42E0-BF05-2C70D43E1E05}.Release|x64.ActiveCfg = Release|x64
		{E4F7D7C2-9E75-42E0-BF05-2C70D43E1E05}.Release|x64.Build.0 = Release|x64
		{E4F7D7C2-9E75-42E0-BF05-2C70D43E1E05}.Release|x86.ActiveCfg = Release|Win32
		{E4F7D7C2-9E75-42E0-BF05-2C70D43E1E05}.Release|x86.Build.0 = Release|Win32
		{A075A19F-F774-4AD1-A7AA-A19A2988E040}.Debug|x64.ActiveCfg = Debug|x64
		{A075A19F-F774-4AD1-A7AA-A19A2988E040}.Debug|x64.Build.0 = Debug|x64
		{A075A19F-F774-4AD1-A7AA-A19A2988E040}.Debug|x86.ActiveCfg = Debug|Win32
		{A075A19F-F774-4AD1-A7AA-A19A2988E040}.Debug|x86.Build.0 = Debug|Win32
		{A075A19F-F774-4AD1-A7AA-A19A2988E040}.Release|x64.ActiveCfg = Release|x64
		{A075A19F-F774-4AD1-A7AA-A19A2988E040}.Release|x64.Build.0 = Release|x64
		{A075A19F-F774-4AD1-A7AA-A19A2988E040}.Release|x86.ActiveCfg = Release|Win32
		{A075A19F-F774-4AD1-A7AA-A19A2988E040}.Release|x86.Build.0 = Release|Win32
	EndGlobalSection
	GlobalSection(SolutionProperties) = preSolution
		HideSolutionNode = FALSE
	EndGlobalSection
	GlobalSection(ExtensibilityGlobals) = postSolution
		SolutionGuid = {5A176242-8D5C-41DD-A202-80DEDF61F958}
	EndGlobalSection
EndGlobal
